
Microsoft Visual Studio Solution File, Format Version 12.00
# Visual Studio Version 17
VisualStudioVersion = 17.9.34622.214
MinimumVisualStudioVersion = 10.0.40219.1
Project("{FAE04EC0-301F-11D3-BF4B-00C04F79EFBC}") = "SoundMAUI", "SoundMAUI\SoundMAUI.csproj", "{DA81EBA2-68EE-4938-8CFD-8D4D9774D4EB}"
EndProject
Global
	GlobalSection(SolutionConfigurationPlatforms) = preSolution
		Debug|Any CPU = Debug|Any CPU
		Release|Any CPU = Release|Any CPU
	EndGlobalSection
	GlobalSection(ProjectConfigurationPlatforms) = postSolution
		{DA81EBA2-68EE-4938-8CFD-8D4D9774D4EB}.Debug|Any CPU.ActiveCfg = Debug|Any CPU
		{DA81EBA2-68EE-4938-8CFD-8D4D9774D4EB}.Debug|Any CPU.Build.0 = Debug|Any CPU
		{DA81EBA2-68EE-4938-8CFD-8D4D9774D4EB}.Debug|Any CPU.Deploy.0 = Debug|Any CPU
		{DA81EBA2-68EE-4938-8CFD-8D4D9774D4EB}.Release|Any CPU.ActiveCfg = Release|Any CPU
		{DA81EBA2-68EE-4938-8CFD-8D4D9774D4EB}.Release|Any CPU.Build.0 = Release|Any CPU
		{DA81EBA2-68EE-4938-8CFD-8D4D9774D4EB}.Release|Any CPU.Deploy.0 = Release|Any CPU
	EndGlobalSection
	GlobalSection(SolutionProperties) = preSolution
		HideSolutionNode = FALSE
	EndGlobalSection
	GlobalSection(ExtensibilityGlobals) = postSolution
		SolutionGuid = {4C61AD0E-95B7-41EE-ADDA-532417E8BB38}
	EndGlobalSection
EndGlobal
